{
  "version": "3",
  "packages": {
    "specifiers": {
      "jsr:@hono/hono@^4.6.1": "jsr:@hono/hono@4.6.1",
      "jsr:@std/assert@^1.0.5": "jsr:@std/assert@1.0.5",
      "jsr:@std/bytes@^1.0.2": "jsr:@std/bytes@1.0.2",
      "jsr:@std/crypto@^1.0.3": "jsr:@std/crypto@1.0.3",
      "jsr:@std/datetime@^0.225.2": "jsr:@std/datetime@0.225.2",
      "jsr:@std/dotenv@^0.225.2": "jsr:@std/dotenv@0.225.2",
      "jsr:@std/internal@^1.0.3": "jsr:@std/internal@1.0.3",
      "jsr:@std/uuid@^1.0.4": "jsr:@std/uuid@1.0.4",
      "npm:create-hono": "npm:create-hono@0.13.1"
    },
    "jsr": {
      "@hono/hono@4.6.1": {
        "integrity": "993704e3a2fa8e965c2fa46c57fc038bd277e781a982d3bf0fb278f6671b195f"
      },
      "@std/assert@1.0.5": {
        "integrity": "e37da8e4033490ce613eec4ac1d78dba1faf5b02a3f6c573a28f15365b9b440f",
        "dependencies": [
          "jsr:@std/internal@^1.0.3"
        ]
      },
      "@std/bytes@1.0.2": {
        "integrity": "fbdee322bbd8c599a6af186a1603b3355e59a5fb1baa139f8f4c3c9a1b3e3d57"
      },
      "@std/crypto@1.0.3": {
        "integrity": "a2a32f51ddef632d299e3879cd027c630dcd4d1d9a5285d6e6788072f4e51e7f"
      },
      "@std/datetime@0.225.2": {
        "integrity": "45f0100554a912cd65f48089ef0a33aa1eb6ea21f08090840b539ab582827eaa"
      },
      "@std/dotenv@0.225.2": {
        "integrity": "e2025dce4de6c7bca21dece8baddd4262b09d5187217e231b033e088e0c4dd23"
      },
      "@std/internal@1.0.3": {
        "integrity": "208e9b94a3d5649bd880e9ca38b885ab7651ab5b5303a56ed25de4755fb7b11e"
      },
      "@std/uuid@1.0.4": {
        "integrity": "f4233149cc8b4753cc3763fd83a7c4101699491f55c7be78dc7b30281946d7a0",
        "dependencies": [
          "jsr:@std/bytes@^1.0.2",
          "jsr:@std/crypto@^1.0.3"
        ]
      }
    },
    "npm": {
      "create-hono@0.13.1": {
        "integrity": "sha512-KsvxqH7j5VNsJXvVRC/jaw3jkFcEp8ckQ9L87YUihbr46Nq7lg0vee/Hgk4x1BEsabAVX4oKkHii3xZSFJntiQ==",
        "dependencies": {}
      }
    }
  },
  "remote": {
    "https://deno.land/std@0.221.0/assert/_constants.ts": "a271e8ef5a573f1df8e822a6eb9d09df064ad66a4390f21b3e31f820a38e0975",
    "https://deno.land/std@0.221.0/assert/_diff.ts": "4bf42969aa8b1a33aaf23eb8e478b011bfaa31b82d85d2ff4b5c4662d8780d2b",
    "https://deno.land/std@0.221.0/assert/_format.ts": "0ba808961bf678437fb486b56405b6fefad2cf87b5809667c781ddee8c32aff4",
    "https://deno.land/std@0.221.0/assert/assert.ts": "bec068b2fccdd434c138a555b19a2c2393b71dfaada02b7d568a01541e67cdc5",
    "https://deno.land/std@0.221.0/assert/assert_almost_equals.ts": "8b96b7385cc117668b0720115eb6ee73d04c9bcb2f5d2344d674918c9113688f",
    "https://deno.land/std@0.221.0/assert/assert_array_includes.ts": "1688d76317fd45b7e93ef9e2765f112fdf2b7c9821016cdfb380b9445374aed1",
    "https://deno.land/std@0.221.0/assert/assert_equals.ts": "4497c56fe7d2993b0d447926702802fc0becb44e319079e8eca39b482ee01b4e",
    "https://deno.land/std@0.221.0/assert/assert_exists.ts": "24a7bf965e634f909242cd09fbaf38bde6b791128ece08e33ab08586a7cc55c9",
    "https://deno.land/std@0.221.0/assert/assert_false.ts": "6f382568e5128c0f855e5f7dbda8624c1ed9af4fcc33ef4a9afeeedcdce99769",
    "https://deno.land/std@0.221.0/assert/assert_greater.ts": "4945cf5729f1a38874d7e589e0fe5cc5cd5abe5573ca2ddca9d3791aa891856c",
    "https://deno.land/std@0.221.0/assert/assert_greater_or_equal.ts": "573ed8823283b8d94b7443eb69a849a3c369a8eb9666b2d1db50c33763a5d219",
    "https://deno.land/std@0.221.0/assert/assert_instance_of.ts": "72dc1faff1e248692d873c89382fa1579dd7b53b56d52f37f9874a75b11ba444",
    "https://deno.land/std@0.221.0/assert/assert_is_error.ts": "6596f2b5ba89ba2fe9b074f75e9318cda97a2381e59d476812e30077fbdb6ed2",
    "https://deno.land/std@0.221.0/assert/assert_less.ts": "2b4b3fe7910f65f7be52212f19c3977ecb8ba5b2d6d0a296c83cde42920bb005",
    "https://deno.land/std@0.221.0/assert/assert_less_or_equal.ts": "b93d212fe669fbde959e35b3437ac9a4468f2e6b77377e7b6ea2cfdd825d38a0",
    "https://deno.land/std@0.221.0/assert/assert_match.ts": "ec2d9680ed3e7b9746ec57ec923a17eef6d476202f339ad91d22277d7f1d16e1",
    "https://deno.land/std@0.221.0/assert/assert_not_equals.ts": "ac86413ab70ffb14fdfc41740ba579a983fe355ba0ce4a9ab685e6b8e7f6a250",
    "https://deno.land/std@0.221.0/assert/assert_not_instance_of.ts": "8f720d92d83775c40b2542a8d76c60c2d4aeddaf8713c8d11df8984af2604931",
    "https://deno.land/std@0.221.0/assert/assert_not_match.ts": "b4b7c77f146963e2b673c1ce4846473703409eb93f5ab0eb60f6e6f8aeffe39f",
    "https://deno.land/std@0.221.0/assert/assert_not_strict_equals.ts": "da0b8ab60a45d5a9371088378e5313f624799470c3b54c76e8b8abeec40a77be",
    "https://deno.land/std@0.221.0/assert/assert_object_match.ts": "e85e5eef62a56ce364c3afdd27978ccab979288a3e772e6855c270a7b118fa49",
    "https://deno.land/std@0.221.0/assert/assert_rejects.ts": "5206ac37d883797d9504e3915a0c7b692df6efcdefff3889cc14bb5a325641dd",
    "https://deno.land/std@0.221.0/assert/assert_strict_equals.ts": "0425a98f70badccb151644c902384c12771a93e65f8ff610244b8147b03a2366",
    "https://deno.land/std@0.221.0/assert/assert_string_includes.ts": "dfb072a890167146f8e5bdd6fde887ce4657098e9f71f12716ef37f35fb6f4a7",
    "https://deno.land/std@0.221.0/assert/assert_throws.ts": "31f3c061338aec2c2c33731973d58ccd4f14e42f355501541409ee958d2eb8e5",
    "https://deno.land/std@0.221.0/assert/assertion_error.ts": "9f689a101ee586c4ce92f52fa7ddd362e86434ffdf1f848e45987dc7689976b8",
    "https://deno.land/std@0.221.0/assert/equal.ts": "fae5e8a52a11d3ac694bbe1a53e13a7969e3f60791262312e91a3e741ae519e2",
    "https://deno.land/std@0.221.0/assert/fail.ts": "f310e51992bac8e54f5fd8e44d098638434b2edb802383690e0d7a9be1979f1c",
    "https://deno.land/std@0.221.0/assert/mod.ts": "7e41449e77a31fef91534379716971bebcfc12686e143d38ada5438e04d4a90e",
    "https://deno.land/std@0.221.0/assert/unimplemented.ts": "47ca67d1c6dc53abd0bd729b71a31e0825fc452dbcd4fde4ca06789d5644e7fd",
    "https://deno.land/std@0.221.0/assert/unreachable.ts": "3670816a4ab3214349acb6730e3e6f5299021234657eefe05b48092f3848c270",
    "https://deno.land/std@0.221.0/bytes/concat.ts": "9cac3b4376afbef98ff03588eb3cf948e0d1eb6c27cfe81a7651ab6dd3adc54a",
    "https://deno.land/std@0.221.0/crypto/_wasm/lib/deno_std_wasm_crypto.generated.mjs": "f65ea775c52c5641f0154d98d6059e261ca3dc917a8856209d60bc6cb406e699",
    "https://deno.land/std@0.221.0/crypto/_wasm/mod.ts": "e89fbbc3c4722602ff975dd85f18273c7741ec766a9b68f6de4fd1d9876409f8",
    "https://deno.land/std@0.221.0/crypto/crypto.ts": "7ccd24e766d026d92ee1260b5a1639624775e94456d2a95c3a42fd3d49df78ab",
    "https://deno.land/std@0.221.0/datetime/_date_time_formatter.ts": "b810c4c0d8f7aafe765fb963efdbf704acceb0730f5b242a7ec46df37834307c",
    "https://deno.land/std@0.221.0/datetime/constants.ts": "5df80a84e301da6db5793804122c034d2d090da31f1e1c5fdaa831fc70a45da7",
    "https://deno.land/std@0.221.0/datetime/day_of_year.ts": "f46216f0e87277c7c2a92eb3bdf9414803f7d19706c137a7d70f3d596d3a2ce1",
    "https://deno.land/std@0.221.0/datetime/difference.ts": "7580464beb74be6d2e87fb1a2f0aa338e543758c0b2ab18c8a42ea451a6c8a31",
    "https://deno.land/std@0.221.0/datetime/format.ts": "8709d992917f490a99c9d625c8283b1f396ce8a56d1308b46435332b46f876e0",
    "https://deno.land/std@0.221.0/datetime/is_leap.ts": "07b59c0900d20915737f5252c0d49929fcb0f5b79f4906918014ad44c0011a58",
    "https://deno.land/std@0.221.0/datetime/mod.ts": "92df8f9c33d0b981e7e1e0d1d5d28b574da98b414e01bd36e35c9839482ef3f1",
    "https://deno.land/std@0.221.0/datetime/parse.ts": "edd428e573e57bfccfd326c91150828cca7a96b2acb7e4b67a20a85152474845",
    "https://deno.land/std@0.221.0/datetime/week_of_year.ts": "844d8c95acfd7c9679b13296bc4ba1923edc8b79f8a07e3df4660b9a0f3eb81e",
    "https://deno.land/std@0.221.0/dotenv/mod.ts": "0180eaeedaaf88647318811cdaa418cc64dc51fb08354f91f5f480d0a1309f7d",
    "https://deno.land/std@0.221.0/dotenv/parse.ts": "09977ff88dfd1f24f9973a338f0f91bbdb9307eb5ff6085446e7c423e4c7ba0c",
    "https://deno.land/std@0.221.0/dotenv/stringify.ts": "0047ad7068289735d08964046aea267a750c141b494ca0e38831b89be6c020c2",
    "https://deno.land/std@0.221.0/fmt/colors.ts": "d239d84620b921ea520125d778947881f62c50e78deef2657073840b8af9559a",
    "https://deno.land/std@0.221.0/uuid/_common.ts": "05c787c5735776c4e48e30294878332c39cb7738f50b209df4eb9f2b0facce4d",
    "https://deno.land/std@0.221.0/uuid/constants.ts": "eb6c96871e968adf3355507d7ae79adce71525fd6c1ca55c51d32ace0196d64e",
    "https://deno.land/std@0.221.0/uuid/mod.ts": "cefc8e2f77d9e493739c8dc4ec141b12b855414bf757e778bf9b00f783506b76",
    "https://deno.land/std@0.221.0/uuid/v1.ts": "cc45e7eb1d463d7d38b21a3c6e4de55ff98598ca442309321575fe841b323a54",
    "https://deno.land/std@0.221.0/uuid/v3.ts": "689f2d64a9460a75877a2eed94662d9cb31bedb890d72fce0d161ef47d66cc26",
    "https://deno.land/std@0.221.0/uuid/v4.ts": "1319a2eeff7259adda416ec5f7997ded80d3165ef0787012793fc8621c18c493",
    "https://deno.land/std@0.221.0/uuid/v5.ts": "75f76d9e53583572fe3d4893168530986222d439b1545b56d4493c6d5d1cd81d",
    "https://deno.land/std@0.81.0/_util/assert.ts": "e1f76e77c5ccb5a8e0dbbbe6cce3a56d2556c8cb5a9a8802fc9565af72462149",
    "https://deno.land/std@0.81.0/bytes/mod.ts": "e4f91c6473fe13e3cf1a23649137f87f49135c10bc08fc0f83382a0fb0b03744",
    "https://deno.land/std@0.81.0/encoding/utf8.ts": "1b7e77db9a12363c67872f8a208886ca1329f160c1ca9133b13d2ed399688b99",
    "https://deno.land/std@0.81.0/io/bufio.ts": "3cbbe1f761c1c636d1e7128ed4e7fdca6bf21d9199aa3cae71e69972a6ae8f93",
    "https://deno.land/std@0.81.0/textproto/mod.ts": "4c378eda3cb6216608bb4c3a34201761c65f6980c4669455ca224c330cd5b790",
    "https://deno.land/x/hono@v4.2.2/adapter/deno/serve-static.ts": "62b57d461ecebbc7b98809c4fc2a8358f0828d6e89cdc6841054e5bb3828fc80",
    "https://deno.land/x/hono@v4.2.2/adapter/deno/ssg.ts": "49d73dd0d351fc52a54bfc8094096aff957f5a955a3eb976844ed8d88903bc0f",
    "https://deno.land/x/hono@v4.2.2/adapter/deno/websocket.ts": "032bd72f32103ff948e7ad5945ccb6a32e1ccd507ad222758e72a7b3a7828fb5",
    "https://deno.land/x/hono@v4.2.2/client/client.ts": "4afa3be7d5f36c507b50fa6185e7e94920160bed98417924e364cf32ff59e9e4",
    "https://deno.land/x/hono@v4.2.2/client/index.ts": "30def535310a37bede261f1b23d11a9758983b8e9d60a6c56309cee5f6746ab2",
    "https://deno.land/x/hono@v4.2.2/client/types.ts": "2e053c1a214de87749eedc5700abc3e28d575660dbd713b8e84fd0907b014512",
    "https://deno.land/x/hono@v4.2.2/client/utils.ts": "a93e5dc542dceb892a6b39cc793689478627ba958d251794193cf26c0ecf5800",
    "https://deno.land/x/hono@v4.2.2/compose.ts": "37d6e33b7db80e4c43a0629b12fd3a1e3406e7d9e62a4bfad4b30426ea7ae4f1",
    "https://deno.land/x/hono@v4.2.2/context.ts": "3d8c8a1aaea396fe22e2db822e1a270482c7f4b3b273f8f05ae3b240408bc7b2",
    "https://deno.land/x/hono@v4.2.2/helper.ts": "cf9f0fea6a338bea6104ba1518cce84f5d9f826e64e3bfa22dbc49d9ce56b85b",
    "https://deno.land/x/hono@v4.2.2/helper/accepts/accepts.ts": "46330f2ff384b266ab2227f7943366c09d752c9b58e2908e7b7726548e8954d3",
    "https://deno.land/x/hono@v4.2.2/helper/accepts/index.ts": "88a18cb5f7b15ec2bd515b6fbf5a2a8b5f77d1edbd6f7e1632afe5d755b2cf50",
    "https://deno.land/x/hono@v4.2.2/helper/adapter/index.ts": "5a4ca736487a2a8303bdac9fff710eae38e6f39ed70eb171eed78e5f64da84df",
    "https://deno.land/x/hono@v4.2.2/helper/cookie/index.ts": "80b98f8a014e8b03a9130cce9fb03f6175f82a64367e954d120634f8543556e2",
    "https://deno.land/x/hono@v4.2.2/helper/css/common.ts": "596f3e777c11a73be52585c2140e80f8ad87f1ef3c483514480e11fb7394e986",
    "https://deno.land/x/hono@v4.2.2/helper/css/index.ts": "f91b6c473f033c420077554bcc8c11635194e3ee49c974c22bbacf2b3449b63c",
    "https://deno.land/x/hono@v4.2.2/helper/dev/index.ts": "86b2e7a3f8e60138c4280027b7267db41d53fac138cfa5fb4ce6b42045d50bb3",
    "https://deno.land/x/hono@v4.2.2/helper/factory/index.ts": "da87032bd93785827448e5d1369c90f6d453cdd12ded597d4ca4051e3309e468",
    "https://deno.land/x/hono@v4.2.2/helper/html/index.ts": "48a0ddc576c10452db6c3cab03dd4ee6986ab61ebdc667335b40a81fa0487f69",
    "https://deno.land/x/hono@v4.2.2/helper/ssg/index.ts": "32994fd843088ddc5d9adb0d43469371fa974fda08be76d263e53605ebfdadb3",
    "https://deno.land/x/hono@v4.2.2/helper/ssg/middleware.ts": "5728a41811294b23563d551e67156cd32da461645f410db23be275c17d7d5b76",
    "https://deno.land/x/hono@v4.2.2/helper/ssg/ssg.ts": "0617ae133c3ed8044ed01627744af877c1fc1a98b2521186b139150842730aef",
    "https://deno.land/x/hono@v4.2.2/helper/ssg/utils.ts": "90ff5f2f9a57e7cf2f76362ce0b2179677f46390ddf0cce0f5c2023db179d847",
    "https://deno.land/x/hono@v4.2.2/helper/streaming/index.ts": "e4955c04cb5fe4d65abec256ff3f598c87958a1cfd9eece1d6de1b56d16c7723",
    "https://deno.land/x/hono@v4.2.2/helper/streaming/sse.ts": "a88ae4615aace14fea1244538ab80dd591d1d05fb0f4cf57383150af4317d115",
    "https://deno.land/x/hono@v4.2.2/helper/streaming/stream.ts": "a0eeb52395313ecb293edd1294dc21538b024ce1acc4745671f9f1548825cba2",
    "https://deno.land/x/hono@v4.2.2/helper/streaming/text.ts": "bd8d1973feeabca63016cf638309aaeb829a914bf139a26120ca5c85e2b4ce96",
    "https://deno.land/x/hono@v4.2.2/helper/testing/index.ts": "d4c51e2e1aff03dd1ce906737078931f1e32bcb40ae30652dcd3605247e07ec2",
    "https://deno.land/x/hono@v4.2.2/helper/websocket/index.ts": "d72e052f0b6bfd98c26c4348ad499b493b2baf24bfdaae81b399453dcdad1483",
    "https://deno.land/x/hono@v4.2.2/hono-base.ts": "2a508c026687a1fc12c0458e100e66d5d72e17f6e6532b407d19663aa7300327",
    "https://deno.land/x/hono@v4.2.2/hono.ts": "23edd0140bf0bd5a68c14ae96e5856a5cec6b844277e853b91025e91ea74f416",
    "https://deno.land/x/hono@v4.2.2/http-exception.ts": "cd387c6f7357db375ac3375f0346c6da80b46193b661881f660d6b15293fc086",
    "https://deno.land/x/hono@v4.2.2/jsx/base.ts": "4c1e9f841b8f287ed95541f4e0c6ba9afac2a353cb2a88dc373f27e2261b118b",
    "https://deno.land/x/hono@v4.2.2/jsx/components.ts": "f79ab215f59388f01a69e2d6ec0b841fd3b42ba38e0ee7c93a525cdf06e159f9",
    "https://deno.land/x/hono@v4.2.2/jsx/constants.ts": "03dbf805f4d07e3b34ab05ac84f3c0cb4fbafb2096fba7789a5f6226ca6f21ad",
    "https://deno.land/x/hono@v4.2.2/jsx/context.ts": "2b7a86e6b35da171fab27aa05f09748bb3eba64b26c037ea1da655c07e8f6bc1",
    "https://deno.land/x/hono@v4.2.2/jsx/dom/components.ts": "733da654edb3d4c178a4479649fac2c64e79069e37e848add0c3a49f90e7f2d7",
    "https://deno.land/x/hono@v4.2.2/jsx/dom/context.ts": "39cd1108f0933934075fd88ef98139b0f29cce35b5d30d5fed2231daaa19c208",
    "https://deno.land/x/hono@v4.2.2/jsx/dom/css.ts": "476699080c11fa16230e3fd59b6faf551e5d771c2998b4bf03368b3bc1f5a0e0",
    "https://deno.land/x/hono@v4.2.2/jsx/dom/jsx-dev-runtime.ts": "266a61edb91f596f8581218c2afb253449fa700e069298b5a3e96ee064a57183",
    "https://deno.land/x/hono@v4.2.2/jsx/dom/jsx-runtime.ts": "6a50a65306771a9000030f494d92a5fdeeb055112e0126234b2fd9179de1d4f5",
    "https://deno.land/x/hono@v4.2.2/jsx/dom/render.ts": "ca76952d936e4994c08a8eef291a353ea39815f42b547f1b3cb143559b3227ca",
    "https://deno.land/x/hono@v4.2.2/jsx/hooks/index.ts": "6a5e712581f29d1c28469006ec534833e600841939b5d0e13688bbcbaaf658f1",
    "https://deno.land/x/hono@v4.2.2/jsx/index.ts": "ca3b63c99e446b29d5d1a6ec79948146e9c3c88121bcbfa4982d0e9b21e33906",
    "https://deno.land/x/hono@v4.2.2/jsx/intrinsic-elements.ts": "21c3a8f6ba07f0d7d7c0ec7293c79c26b9b62df2894e26cb6c17b6c7ec381264",
    "https://deno.land/x/hono@v4.2.2/jsx/streaming.ts": "6a04614847ce8792b3c43cd9ca091077b4b4e86e756e81f37c672a5d9b7e9097",
    "https://deno.land/x/hono@v4.2.2/jsx/types.ts": "880971bd1e0704a6fba6b786ca596cbe23fc06e36c506f42ea17f84f9879f278",
    "https://deno.land/x/hono@v4.2.2/jsx/utils.ts": "7b9d84ce478c66a5f4709dc3a873ac7104ba3427597683221827abec2761da0e",
    "https://deno.land/x/hono@v4.2.2/middleware.ts": "2e7c6062e36b0e5f84b44a62e7b0e1cef33a9827c19937c648be4b63e1b7d7c6",
    "https://deno.land/x/hono@v4.2.2/middleware/basic-auth/index.ts": "2c8cb563f3b89df1a7a2232be37377c3df6194af38613dc0a823c6595816fc66",
    "https://deno.land/x/hono@v4.2.2/middleware/bearer-auth/index.ts": "6a2361ca273a0dbbc9213b535a82dc434472f1e2ca85ab6d993b68f11d2067cd",
    "https://deno.land/x/hono@v4.2.2/middleware/body-limit/index.ts": "3fefeaf7e6e576aa1b33f2694072d2eaab692842acd29cb360d98e20eebfe5aa",
    "https://deno.land/x/hono@v4.2.2/middleware/cache/index.ts": "9bb67a362a9f06151709039a890837b8a1689a5a84a948a9a1483da876a99c0e",
    "https://deno.land/x/hono@v4.2.2/middleware/compress/index.ts": "98c403a5fe7e9c5f5d776350b422b0a125fb34696851b8b14f825b9b7b06f2ac",
    "https://deno.land/x/hono@v4.2.2/middleware/cors/index.ts": "976eb9ce8cefc214b403a2939503a13177cec76223274609a07ca554e0dc623b",
    "https://deno.land/x/hono@v4.2.2/middleware/csrf/index.ts": "077bb0ce299d79d0d232cb9e462aaa4eaa901164f1310f74a7630f7e6cfe74e8",
    "https://deno.land/x/hono@v4.2.2/middleware/etag/index.ts": "3392aabea4d02dfec51455c5919bff9aad76538b9fde375dd542fbc3f389dd3a",
    "https://deno.land/x/hono@v4.2.2/middleware/jsx-renderer/index.ts": "76b08d24c7b8cf3c808dc1d2063358c8b284e4fc48c8966b731a5d32286f62fd",
    "https://deno.land/x/hono@v4.2.2/middleware/jwt/index.ts": "4cb997d3d7a09d0b0c0e273841d29729e13e35dfc00021089aebaad868a7f8c6",
    "https://deno.land/x/hono@v4.2.2/middleware/logger/index.ts": "52a2e968890ada2c11ce89a7a783692c5767b8ed7fb23ccf6b559d255d13ccbc",
    "https://deno.land/x/hono@v4.2.2/middleware/method-override/index.ts": "303797bf0dc0600847f0a5f23a6351232c8bda596a64d38b3ef05e40ca354b42",
    "https://deno.land/x/hono@v4.2.2/middleware/powered-by/index.ts": "6faba0cf042278d60b317b690640bb0b58747690cf280fa09024424c5174e66d",
    "https://deno.land/x/hono@v4.2.2/middleware/pretty-json/index.ts": "2216ce4c9910be009fecac63367c3626b46137d4cf7cb9a82913e501104b4a88",
    "https://deno.land/x/hono@v4.2.2/middleware/secure-headers/index.ts": "24cf3544002e882972842800bce223738b32c9c84bef7f74892e994819765f84",
    "https://deno.land/x/hono@v4.2.2/middleware/serve-static/index.ts": "8a6e0e82ee7459e518ce8dc3d91e7872b272ffdf9a26dbcee3ff17f2157be088",
    "https://deno.land/x/hono@v4.2.2/middleware/timing/index.ts": "241702aa10ab66cc832e8b556c57c236f3bf338a8817d802cb142eae0f852582",
    "https://deno.land/x/hono@v4.2.2/middleware/trailing-slash/index.ts": "419cf0af99a137f591b72cc71c053e524fe3574393ce81e0e9dbce84a4046e24",
    "https://deno.land/x/hono@v4.2.2/mod.ts": "35fd2a2e14b52365e0ad66f168b067363fd0a60d75cbcb1b01685b04de97d60e",
    "https://deno.land/x/hono@v4.2.2/request.ts": "6f6e435955667425391f7626f4aa088211e33689a709ff9c4417746fc0b0dd96",
    "https://deno.land/x/hono@v4.2.2/router.ts": "880316f561918fc197481755aac2165fdbe2f530b925c5357a9f98d6e2cc85c7",
    "https://deno.land/x/hono@v4.2.2/router/linear-router/index.ts": "8a2a7144c50b1f4a92d9ee99c2c396716af144c868e10608255f969695efccd0",
    "https://deno.land/x/hono@v4.2.2/router/linear-router/router.ts": "928d29894e4b45b047a4f453c7f1745c8b1869cd68447e1cb710c7bbf99a4e29",
    "https://deno.land/x/hono@v4.2.2/router/pattern-router/index.ts": "304a66c50e243872037ed41c7dd79ed0c89d815e17e172e7ad7cdc4bc07d3383",
    "https://deno.land/x/hono@v4.2.2/router/pattern-router/router.ts": "1b5f68e6af942579d3a40ee834294fea3d1f05fd5f70514e46ae301dd0107e46",
    "https://deno.land/x/hono@v4.2.2/router/reg-exp-router/index.ts": "52755829213941756159b7a963097bafde5cc4fc22b13b1c7c9184dc0512d1db",
    "https://deno.land/x/hono@v4.2.2/router/reg-exp-router/node.ts": "7efaa6f4301efc2aad0519c84973061be8555da02e5868409293a1fd98536aaf",
    "https://deno.land/x/hono@v4.2.2/router/reg-exp-router/router.ts": "632f2fa426b3e45a66aeed03f7205dad6d13e8081bed6f8d1d987b6cad8fb455",
    "https://deno.land/x/hono@v4.2.2/router/reg-exp-router/trie.ts": "852ce7207e6701e47fa30889a0d2b8bfcd56d8862c97e7bc9831e0a64bd8835f",
    "https://deno.land/x/hono@v4.2.2/router/smart-router/index.ts": "74f9b4fe15ea535900f2b9b048581915f12fe94e531dd2b0032f5610e61c3bef",
    "https://deno.land/x/hono@v4.2.2/router/smart-router/router.ts": "f1848a2a1eefa316a11853ae12e749552747771fb8a11fe713ae04ea6461140b",
    "https://deno.land/x/hono@v4.2.2/router/trie-router/index.ts": "3eb75e7f71ba81801631b30de6b1f5cefb2c7239c03797e2b2cbab5085911b41",
    "https://deno.land/x/hono@v4.2.2/router/trie-router/node.ts": "5786ed7b85bb55411ede249a381412d39406497285ce23c1eafd50551dcdc632",
    "https://deno.land/x/hono@v4.2.2/router/trie-router/router.ts": "54ced78d35676302c8fcdda4204f7bdf5a7cc907fbf9967c75674b1e394f830d",
    "https://deno.land/x/hono@v4.2.2/types.ts": "99126f2f581dd239df1ace7c8fea139ae150cc950b4bb5cae2290bbbb207964d",
    "https://deno.land/x/hono@v4.2.2/utils/body.ts": "1c7013f83bbef8216b3d862111efd5a183eaa29e86decf9a7eec6cdf25757e93",
    "https://deno.land/x/hono@v4.2.2/utils/buffer.ts": "9066a973e64498cb262c7e932f47eed525a51677b17f90893862b7279dc0773e",
    "https://deno.land/x/hono@v4.2.2/utils/color.ts": "23f8494d4cace2a74d4baf8216c69328ef7e5ed6ca8a402ba92f50144763d927",
    "https://deno.land/x/hono@v4.2.2/utils/concurrent.ts": "789e3d0ee1b106007d0817f668c9f16da1618ef1029773afa0c1a885a5ec4eae",
    "https://deno.land/x/hono@v4.2.2/utils/cookie.ts": "6eaaf6909a4ae11f6c82404e9398e1c247e3f1854d73994a9e2e6fc3cdf7b584",
    "https://deno.land/x/hono@v4.2.2/utils/crypto.ts": "bda0e141bbe46d3a4a20f8fbcb6380d473b617123d9fdfa93e4499410b537acc",
    "https://deno.land/x/hono@v4.2.2/utils/encode.ts": "311dfdfae7eb0b6345e9680f7ebbb3a692e872ed964e2029aca38567af8d1f33",
    "https://deno.land/x/hono@v4.2.2/utils/filepath.ts": "a83e5fe87396bb291a6c5c28e13356fcbea0b5547bad2c3ba9660100ff964000",
    "https://deno.land/x/hono@v4.2.2/utils/handler.ts": "2940f60d3fdae3df1ebde7f88c0f703c64bb1311c2c0a60f97e80a57b5690393",
    "https://deno.land/x/hono@v4.2.2/utils/html.ts": "6ea4f6bf41587a51607dff7a6d2865ef4d5001e4203b07e5c8a45b63a098e871",
    "https://deno.land/x/hono@v4.2.2/utils/http-status.ts": "f5b820f2793e45209f34deddf147b23e3133a89eb4c57dc643759a504706636b",
    "https://deno.land/x/hono@v4.2.2/utils/jwt/index.ts": "3b66f48cdd3fcc2caed5e908ca31776e11b1c30391008931276da3035e6ba1e9",
    "https://deno.land/x/hono@v4.2.2/utils/jwt/jwa.ts": "6874cacd8b6dde386636b81b5ea2754f8e4c61757802fa908dd1ce54b91a52fa",
    "https://deno.land/x/hono@v4.2.2/utils/jwt/jws.ts": "878fa7d1966b0db20ae231cfee279ba2bb198943e949049cab3f5845cd5ee2d1",
    "https://deno.land/x/hono@v4.2.2/utils/jwt/jwt.ts": "ea37caffefd49e64d01855a5cf51e957cc05b0010854a64dea677f9266ea4005",
    "https://deno.land/x/hono@v4.2.2/utils/jwt/types.ts": "2845fe8633a5d39c958651ffef2733637e1a647f4b7b061de0458f0435f0f0f5",
    "https://deno.land/x/hono@v4.2.2/utils/jwt/utf8.ts": "b9649f21ef91d1e83b3031a53970b29f13ff82053db3ffae372030706fa07d0e",
    "https://deno.land/x/hono@v4.2.2/utils/mime.ts": "1e5db0919d2127995ec466dfd1ee637c3d63084f516ccbd3c6906ccf0d3f3c46",
    "https://deno.land/x/hono@v4.2.2/utils/stream.ts": "491bebbc8cff49eddef05bca2e2d7b7c6d31c8444fdef60ae8a0373df293e6ae",
    "https://deno.land/x/hono@v4.2.2/utils/types.ts": "eed78020cecba38e7880a8b22532a8607a1be81fdd335d582fa78d17f59ecbb7",
    "https://deno.land/x/hono@v4.2.2/utils/url.ts": "855169632c61d03703bd08cafb27664ba3fdb352892f01687d5cce8fd49e3cb1",
    "https://deno.land/x/hono@v4.2.2/validator/index.ts": "6c986e8b91dcf857ecc8164a506ae8eea8665792a4ff7215471df669c632ae7c",
    "https://deno.land/x/hono@v4.2.2/validator/validator.ts": "6ac0cd5f77d5a921c71e83199d22a1f3692b8499faed958250bdca856d08de52",
    "https://deno.land/x/smtp@v0.7.0/code.ts": "f388fae4995b4d35d99fb6b8bfded522f5a3e7e7d63babdf318a059d6db43baf",
    "https://deno.land/x/smtp@v0.7.0/config.ts": "683a6fa684e5ef3705e809b203abea7804a90afde7b534d66c182ea3d17902d3",
    "https://deno.land/x/smtp@v0.7.0/deps.ts": "5e2a437e3ae35f0e83719fd2e707858dcb750c1111ff5bebc729522a1380b53d",
    "https://deno.land/x/smtp@v0.7.0/mod.ts": "9b0d8fbdacc184d1af10f727980e51486e0ddf9d2ec7227c8dfce90db5bfbcf5",
    "https://deno.land/x/smtp@v0.7.0/smtp.ts": "47c72a99925ad07f3174037f9325dbb8b703dc1177277b9161dc6209c7fa4f90",
    "https://deno.land/x/zod@v3.22.4/ZodError.ts": "4de18ff525e75a0315f2c12066b77b5c2ae18c7c15ef7df7e165d63536fdf2ea",
    "https://deno.land/x/zod@v3.22.4/errors.ts": "5285922d2be9700cc0c70c95e4858952b07ae193aa0224be3cbd5cd5567eabef",
    "https://deno.land/x/zod@v3.22.4/external.ts": "a6cfbd61e9e097d5f42f8a7ed6f92f93f51ff927d29c9fbaec04f03cbce130fe",
    "https://deno.land/x/zod@v3.22.4/helpers/enumUtil.ts": "54efc393cc9860e687d8b81ff52e980def00fa67377ad0bf8b3104f8a5bf698c",
    "https://deno.land/x/zod@v3.22.4/helpers/errorUtil.ts": "7a77328240be7b847af6de9189963bd9f79cab32bbc61502a9db4fe6683e2ea7",
    "https://deno.land/x/zod@v3.22.4/helpers/parseUtil.ts": "f791e6e65a0340d85ad37d26cd7a3ba67126cd9957eac2b7163162155283abb1",
    "https://deno.land/x/zod@v3.22.4/helpers/partialUtil.ts": "998c2fe79795257d4d1cf10361e74492f3b7d852f61057c7c08ac0a46488b7e7",
    "https://deno.land/x/zod@v3.22.4/helpers/typeAliases.ts": "0fda31a063c6736fc3cf9090dd94865c811dfff4f3cb8707b932bf937c6f2c3e",
    "https://deno.land/x/zod@v3.22.4/helpers/util.ts": "8baf19b19b2fca8424380367b90364b32503b6b71780269a6e3e67700bb02774",
    "https://deno.land/x/zod@v3.22.4/index.ts": "d27aabd973613985574bc31f39e45cb5d856aa122ef094a9f38a463b8ef1a268",
    "https://deno.land/x/zod@v3.22.4/locales/en.ts": "a7a25cd23563ccb5e0eed214d9b31846305ddbcdb9c5c8f508b108943366ab4c",
    "https://deno.land/x/zod@v3.22.4/mod.ts": "64e55237cb4410e17d968cd08975566059f27638ebb0b86048031b987ba251c4",
    "https://deno.land/x/zod@v3.22.4/types.ts": "724185522fafe43ee56a52333958764c8c8cd6ad4effa27b42651df873fc151e",
    "https://deno.land/x/zod@v3.23.8/ZodError.ts": "528da200fbe995157b9ae91498b103c4ef482217a5c086249507ac850bd78f52",
    "https://deno.land/x/zod@v3.23.8/errors.ts": "5285922d2be9700cc0c70c95e4858952b07ae193aa0224be3cbd5cd5567eabef",
    "https://deno.land/x/zod@v3.23.8/external.ts": "a6cfbd61e9e097d5f42f8a7ed6f92f93f51ff927d29c9fbaec04f03cbce130fe",
    "https://deno.land/x/zod@v3.23.8/helpers/enumUtil.ts": "54efc393cc9860e687d8b81ff52e980def00fa67377ad0bf8b3104f8a5bf698c",
    "https://deno.land/x/zod@v3.23.8/helpers/errorUtil.ts": "7a77328240be7b847af6de9189963bd9f79cab32bbc61502a9db4fe6683e2ea7",
    "https://deno.land/x/zod@v3.23.8/helpers/parseUtil.ts": "c14814d167cc286972b6e094df88d7d982572a08424b7cd50f862036b6fcaa77",
    "https://deno.land/x/zod@v3.23.8/helpers/partialUtil.ts": "998c2fe79795257d4d1cf10361e74492f3b7d852f61057c7c08ac0a46488b7e7",
    "https://deno.land/x/zod@v3.23.8/helpers/typeAliases.ts": "0fda31a063c6736fc3cf9090dd94865c811dfff4f3cb8707b932bf937c6f2c3e",
    "https://deno.land/x/zod@v3.23.8/helpers/util.ts": "30c273131661ca5dc973f2cfb196fa23caf3a43e224cdde7a683b72e101a31fc",
    "https://deno.land/x/zod@v3.23.8/index.ts": "d27aabd973613985574bc31f39e45cb5d856aa122ef094a9f38a463b8ef1a268",
    "https://deno.land/x/zod@v3.23.8/locales/en.ts": "a7a25cd23563ccb5e0eed214d9b31846305ddbcdb9c5c8f508b108943366ab4c",
    "https://deno.land/x/zod@v3.23.8/mod.ts": "ec6e2b1255c1a350b80188f97bd0a6bac45801bb46fc48f50b9763aa66046039",
    "https://deno.land/x/zod@v3.23.8/types.ts": "1b172c90782b1eaa837100ebb6abd726d79d6c1ec336350c8e851e0fd706bf5c",
    "https://esm.sh/hono@4.2.2/jsx/jsx-runtime": "e1fcaf4252c4074055ed4e32b02c92b1408a05263aa33e2025a3cb74c8e3d093",
    "https://esm.sh/v135/hono@4.2.2/denonext/html.js": "0beb3b50cb48d4afa77cda7c8fa2485b39d6a657e8b91c3c749d5819b499b261",
    "https://esm.sh/v135/hono@4.2.2/denonext/jsx/dom/jsx-dev-runtime.js": "36dedeec06b6d78e3415abe8251a0e19354fb59172499d1ef29a41e383f80b45",
    "https://esm.sh/v135/hono@4.2.2/denonext/jsx/dom/jsx-runtime.js": "f9d11f7cb9e2349e16362c0bc720426b353b31b34d15055e45999eaf812d918a",
    "https://esm.sh/v135/hono@4.2.2/denonext/jsx/jsx-dev-runtime.js": "92d035ce4f1b01e0f290d34e57d00c5d217ce4fc09db278436978314d39da20c",
    "https://esm.sh/v135/hono@4.2.2/denonext/jsx/jsx-runtime.js": "447ef2e11e22fe69811f435194f681f660cc2b1520917d3c3f8f16d5fff226fd",
    "https://esm.sh/v135/hono@4.2.2/denonext/utils/html.js": "d11c0976aa12db6edd54ef96fd2a8cf836e0eb5f8195b63ac7884c9d5646f8f9"
  },
  "workspace": {
    "dependencies": [
      "jsr:@hono/hono@^4.6.1",
      "jsr:@std/assert@^1.0.5",
      "jsr:@std/datetime@^0.225.2",
      "jsr:@std/dotenv@^0.225.2",
      "jsr:@std/uuid@^1.0.4"
    ]
  }
}
